// !$*UTF8*$!
{
	archiveVersion = 1;
	classes = {
	};
	objectVersion = 56;
	objects = {

/* Begin PBXBuildFile section */
		652803322A665398009A620E /* ContentView.swift in Sources */ = {isa = PBXBuildFile; fileRef = 652803312A665398009A620E /* ContentView.swift */; };
		656461272A6D68FD009DC241 /* LockerDetailView.swift in Sources */ = {isa = PBXBuildFile; fileRef = 656461262A6D68FD009DC241 /* LockerDetailView.swift */; };
		656461292A6D6F69009DC241 /* ViewExtension.swift in Sources */ = {isa = PBXBuildFile; fileRef = 656461282A6D6F69009DC241 /* ViewExtension.swift */; };
		6564612B2A6D7389009DC241 /* ExtendRentView.swift in Sources */ = {isa = PBXBuildFile; fileRef = 6564612A2A6D7389009DC241 /* ExtendRentView.swift */; };
		6564612D2A6D84D0009DC241 /* QRSuccessState.swift in Sources */ = {isa = PBXBuildFile; fileRef = 6564612C2A6D84D0009DC241 /* QRSuccessState.swift */; };
		656843BA2A65822E00DDF873 /* OKLock.xcdatamodeld in Sources */ = {isa = PBXBuildFile; fileRef = 656843B82A65822E00DDF873 /* OKLock.xcdatamodeld */; };
		656843BE2A65841500DDF873 /* RentEntity+CoreDataClass.swift in Sources */ = {isa = PBXBuildFile; fileRef = 656843BC2A65841500DDF873 /* RentEntity+CoreDataClass.swift */; };
		656843BF2A65841500DDF873 /* RentEntity+CoreDataProperties.swift in Sources */ = {isa = PBXBuildFile; fileRef = 656843BD2A65841500DDF873 /* RentEntity+CoreDataProperties.swift */; };
		656843C12A6589EF00DDF873 /* RentViewModel.swift in Sources */ = {isa = PBXBuildFile; fileRef = 656843C02A6589EF00DDF873 /* RentViewModel.swift */; };
		656843C32A6589F700DDF873 /* DataController.swift in Sources */ = {isa = PBXBuildFile; fileRef = 656843C22A6589F700DDF873 /* DataController.swift */; };
		658941AD2A6D627500172C38 /* CustomTabBar.swift in Sources */ = {isa = PBXBuildFile; fileRef = 658941AC2A6D627500172C38 /* CustomTabBar.swift */; };
		658941AF2A6D638000172C38 /* HomePage.swift in Sources */ = {isa = PBXBuildFile; fileRef = 658941AE2A6D638000172C38 /* HomePage.swift */; };
		658941B12A6D638F00172C38 /* ScanQRView.swift in Sources */ = {isa = PBXBuildFile; fileRef = 658941B02A6D638F00172C38 /* ScanQRView.swift */; };
		658941B32A6D639800172C38 /* DetailView.swift in Sources */ = {isa = PBXBuildFile; fileRef = 658941B22A6D639800172C38 /* DetailView.swift */; };
		658941B52A6D63A500172C38 /* LocationView.swift in Sources */ = {isa = PBXBuildFile; fileRef = 658941B42A6D63A500172C38 /* LocationView.swift */; };
		658941B92A6D63BE00172C38 /* Transaction.swift in Sources */ = {isa = PBXBuildFile; fileRef = 658941B82A6D63BE00172C38 /* Transaction.swift */; };
		65EC8C992A657E7E00834760 /* OKLockApp.swift in Sources */ = {isa = PBXBuildFile; fileRef = 65EC8C982A657E7E00834760 /* OKLockApp.swift */; };
		65EC8C9D2A657E7F00834760 /* Assets.xcassets in Resources */ = {isa = PBXBuildFile; fileRef = 65EC8C9C2A657E7F00834760 /* Assets.xcassets */; };
		65EC8CA02A657E7F00834760 /* Preview Assets.xcassets in Resources */ = {isa = PBXBuildFile; fileRef = 65EC8C9F2A657E7F00834760 /* Preview Assets.xcassets */; };
		65EC8CAA2A657E8000834760 /* OKLockTests.swift in Sources */ = {isa = PBXBuildFile; fileRef = 65EC8CA92A657E8000834760 /* OKLockTests.swift */; };
		65EC8CB42A657E8000834760 /* OKLockUITests.swift in Sources */ = {isa = PBXBuildFile; fileRef = 65EC8CB32A657E8000834760 /* OKLockUITests.swift */; };
		65EC8CB62A657E8000834760 /* OKLockUITestsLaunchTests.swift in Sources */ = {isa = PBXBuildFile; fileRef = 65EC8CB52A657E8000834760 /* OKLockUITestsLaunchTests.swift */; };
		65EF82082A6784E2000B9852 /* GoogleService-Info.plist in Resources */ = {isa = PBXBuildFile; fileRef = 65EF82072A6784E2000B9852 /* GoogleService-Info.plist */; };
		65EF820B2A6796EE000B9852 /* FirebaseAuth in Frameworks */ = {isa = PBXBuildFile; productRef = 65EF820A2A6796EE000B9852 /* FirebaseAuth */; };
		65EF820D2A6796EE000B9852 /* FirebaseAuthCombine-Community in Frameworks */ = {isa = PBXBuildFile; productRef = 65EF820C2A6796EE000B9852 /* FirebaseAuthCombine-Community */; };
		65EF820F2A6796EE000B9852 /* FirebaseCrashlytics in Frameworks */ = {isa = PBXBuildFile; productRef = 65EF820E2A6796EE000B9852 /* FirebaseCrashlytics */; };
		65EF82112A6796EE000B9852 /* FirebaseDatabase in Frameworks */ = {isa = PBXBuildFile; productRef = 65EF82102A6796EE000B9852 /* FirebaseDatabase */; };
		65EF82132A6796EE000B9852 /* FirebaseDatabaseSwift in Frameworks */ = {isa = PBXBuildFile; productRef = 65EF82122A6796EE000B9852 /* FirebaseDatabaseSwift */; };
		65EF82152A6796EE000B9852 /* FirebaseDynamicLinks in Frameworks */ = {isa = PBXBuildFile; productRef = 65EF82142A6796EE000B9852 /* FirebaseDynamicLinks */; };
		65EF82172A6796EE000B9852 /* FirebaseFirestore in Frameworks */ = {isa = PBXBuildFile; productRef = 65EF82162A6796EE000B9852 /* FirebaseFirestore */; };
		65EF82192A6796EE000B9852 /* FirebaseFirestoreCombine-Community in Frameworks */ = {isa = PBXBuildFile; productRef = 65EF82182A6796EE000B9852 /* FirebaseFirestoreCombine-Community */; };
		65EF821B2A6796EE000B9852 /* FirebaseFirestoreSwift in Frameworks */ = {isa = PBXBuildFile; productRef = 65EF821A2A6796EE000B9852 /* FirebaseFirestoreSwift */; };
		65EF821D2A6796EE000B9852 /* FirebaseFunctions in Frameworks */ = {isa = PBXBuildFile; productRef = 65EF821C2A6796EE000B9852 /* FirebaseFunctions */; };
		65EF821F2A6796EE000B9852 /* FirebaseFunctionsCombine-Community in Frameworks */ = {isa = PBXBuildFile; productRef = 65EF821E2A6796EE000B9852 /* FirebaseFunctionsCombine-Community */; };
		65EF82212A6796EE000B9852 /* FirebaseInstallations in Frameworks */ = {isa = PBXBuildFile; productRef = 65EF82202A6796EE000B9852 /* FirebaseInstallations */; };
		65EF82232A6796EE000B9852 /* FirebaseStorage in Frameworks */ = {isa = PBXBuildFile; productRef = 65EF82222A6796EE000B9852 /* FirebaseStorage */; };
		65EF82252A6796EE000B9852 /* FirebaseStorageCombine-Community in Frameworks */ = {isa = PBXBuildFile; productRef = 65EF82242A6796EE000B9852 /* FirebaseStorageCombine-Community */; };
		65EF82272A688AAA000B9852 /* FirebaseTest.swift in Sources */ = {isa = PBXBuildFile; fileRef = 65EF82262A688AAA000B9852 /* FirebaseTest.swift */; };
		65EF82292A688B5D000B9852 /* Rent.swift in Sources */ = {isa = PBXBuildFile; fileRef = 65EF82282A688B5D000B9852 /* Rent.swift */; };
		BAF9B7082A663F870051312D /* encryption.swift in Sources */ = {isa = PBXBuildFile; fileRef = BAF9B7072A663F870051312D /* encryption.swift */; };
		BAF9B7112A6640800051312D /* QRReaderView.swift in Sources */ = {isa = PBXBuildFile; fileRef = BAF9B7102A6640800051312D /* QRReaderView.swift */; };
		BAF9B7132A6640D50051312D /* QRScannerView.swift in Sources */ = {isa = PBXBuildFile; fileRef = BAF9B7122A6640D50051312D /* QRScannerView.swift */; };
		BAF9B7152A6640F10051312D /* ScannerController.swift in Sources */ = {isa = PBXBuildFile; fileRef = BAF9B7142A6640F10051312D /* ScannerController.swift */; };
		BAF9B7172A6642160051312D /* QRGeneratorView.swift in Sources */ = {isa = PBXBuildFile; fileRef = BAF9B7162A6642160051312D /* QRGeneratorView.swift */; };
/* End PBXBuildFile section */

/* Begin PBXContainerItemProxy section */
		65EC8CA62A657E8000834760 /* PBXContainerItemProxy */ = {
			isa = PBXContainerItemProxy;
			containerPortal = 65EC8C8D2A657E7E00834760 /* Project object */;
			proxyType = 1;
			remoteGlobalIDString = 65EC8C942A657E7E00834760;
			remoteInfo = OKLock;
		};
		65EC8CB02A657E8000834760 /* PBXContainerItemProxy */ = {
			isa = PBXContainerItemProxy;
			containerPortal = 65EC8C8D2A657E7E00834760 /* Project object */;
			proxyType = 1;
			remoteGlobalIDString = 65EC8C942A657E7E00834760;
			remoteInfo = OKLock;
		};
/* End PBXContainerItemProxy section */

/* Begin PBXFileReference section */
		652803312A665398009A620E /* ContentView.swift */ = {isa = PBXFileReference; fileEncoding = 4; lastKnownFileType = sourcecode.swift; path = ContentView.swift; sourceTree = "<group>"; };
		656461262A6D68FD009DC241 /* LockerDetailView.swift */ = {isa = PBXFileReference; lastKnownFileType = sourcecode.swift; path = LockerDetailView.swift; sourceTree = "<group>"; };
		656461282A6D6F69009DC241 /* ViewExtension.swift */ = {isa = PBXFileReference; lastKnownFileType = sourcecode.swift; name = ViewExtension.swift; path = OKLock/Views/Pages/ViewExtension.swift; sourceTree = SOURCE_ROOT; };
		6564612A2A6D7389009DC241 /* ExtendRentView.swift */ = {isa = PBXFileReference; lastKnownFileType = sourcecode.swift; path = ExtendRentView.swift; sourceTree = "<group>"; };
		6564612C2A6D84D0009DC241 /* QRSuccessState.swift */ = {isa = PBXFileReference; lastKnownFileType = sourcecode.swift; path = QRSuccessState.swift; sourceTree = "<group>"; };
		656843B92A65822E00DDF873 /* OKLock.xcdatamodel */ = {isa = PBXFileReference; lastKnownFileType = wrapper.xcdatamodel; path = OKLock.xcdatamodel; sourceTree = "<group>"; };
		656843BC2A65841500DDF873 /* RentEntity+CoreDataClass.swift */ = {isa = PBXFileReference; lastKnownFileType = sourcecode.swift; path = "RentEntity+CoreDataClass.swift"; sourceTree = "<group>"; };
		656843BD2A65841500DDF873 /* RentEntity+CoreDataProperties.swift */ = {isa = PBXFileReference; lastKnownFileType = sourcecode.swift; path = "RentEntity+CoreDataProperties.swift"; sourceTree = "<group>"; };
		656843C02A6589EF00DDF873 /* RentViewModel.swift */ = {isa = PBXFileReference; lastKnownFileType = sourcecode.swift; path = RentViewModel.swift; sourceTree = "<group>"; };
		656843C22A6589F700DDF873 /* DataController.swift */ = {isa = PBXFileReference; lastKnownFileType = sourcecode.swift; path = DataController.swift; sourceTree = "<group>"; };
		658941AC2A6D627500172C38 /* CustomTabBar.swift */ = {isa = PBXFileReference; lastKnownFileType = sourcecode.swift; name = CustomTabBar.swift; path = OKLock/Views/Pages/CustomTabBar.swift; sourceTree = SOURCE_ROOT; };
		658941AE2A6D638000172C38 /* HomePage.swift */ = {isa = PBXFileReference; lastKnownFileType = sourcecode.swift; path = HomePage.swift; sourceTree = "<group>"; };
		658941B02A6D638F00172C38 /* ScanQRView.swift */ = {isa = PBXFileReference; lastKnownFileType = sourcecode.swift; path = ScanQRView.swift; sourceTree = "<group>"; };
		658941B22A6D639800172C38 /* DetailView.swift */ = {isa = PBXFileReference; lastKnownFileType = sourcecode.swift; path = DetailView.swift; sourceTree = "<group>"; };
		658941B42A6D63A500172C38 /* LocationView.swift */ = {isa = PBXFileReference; lastKnownFileType = sourcecode.swift; path = LocationView.swift; sourceTree = "<group>"; };
		658941B82A6D63BE00172C38 /* Transaction.swift */ = {isa = PBXFileReference; lastKnownFileType = sourcecode.swift; path = Transaction.swift; sourceTree = "<group>"; };
		65EC8C952A657E7E00834760 /* OKLock.app */ = {isa = PBXFileReference; explicitFileType = wrapper.application; includeInIndex = 0; path = OKLock.app; sourceTree = BUILT_PRODUCTS_DIR; };
		65EC8C982A657E7E00834760 /* OKLockApp.swift */ = {isa = PBXFileReference; lastKnownFileType = sourcecode.swift; path = OKLockApp.swift; sourceTree = "<group>"; };
		65EC8C9C2A657E7F00834760 /* Assets.xcassets */ = {isa = PBXFileReference; lastKnownFileType = folder.assetcatalog; path = Assets.xcassets; sourceTree = "<group>"; };
		65EC8C9F2A657E7F00834760 /* Preview Assets.xcassets */ = {isa = PBXFileReference; lastKnownFileType = folder.assetcatalog; path = "Preview Assets.xcassets"; sourceTree = "<group>"; };
		65EC8CA52A657E8000834760 /* OKLockTests.xctest */ = {isa = PBXFileReference; explicitFileType = wrapper.cfbundle; includeInIndex = 0; path = OKLockTests.xctest; sourceTree = BUILT_PRODUCTS_DIR; };
		65EC8CA92A657E8000834760 /* OKLockTests.swift */ = {isa = PBXFileReference; lastKnownFileType = sourcecode.swift; path = OKLockTests.swift; sourceTree = "<group>"; };
		65EC8CAF2A657E8000834760 /* OKLockUITests.xctest */ = {isa = PBXFileReference; explicitFileType = wrapper.cfbundle; includeInIndex = 0; path = OKLockUITests.xctest; sourceTree = BUILT_PRODUCTS_DIR; };
		65EC8CB32A657E8000834760 /* OKLockUITests.swift */ = {isa = PBXFileReference; lastKnownFileType = sourcecode.swift; path = OKLockUITests.swift; sourceTree = "<group>"; };
		65EC8CB52A657E8000834760 /* OKLockUITestsLaunchTests.swift */ = {isa = PBXFileReference; lastKnownFileType = sourcecode.swift; path = OKLockUITestsLaunchTests.swift; sourceTree = "<group>"; };
		65EF82072A6784E2000B9852 /* GoogleService-Info.plist */ = {isa = PBXFileReference; fileEncoding = 4; lastKnownFileType = text.plist.xml; path = "GoogleService-Info.plist"; sourceTree = "<group>"; };
		65EF82262A688AAA000B9852 /* FirebaseTest.swift */ = {isa = PBXFileReference; lastKnownFileType = sourcecode.swift; path = FirebaseTest.swift; sourceTree = "<group>"; };
		65EF82282A688B5D000B9852 /* Rent.swift */ = {isa = PBXFileReference; lastKnownFileType = sourcecode.swift; path = Rent.swift; sourceTree = "<group>"; };
		BAF9B7072A663F870051312D /* encryption.swift */ = {isa = PBXFileReference; fileEncoding = 4; lastKnownFileType = sourcecode.swift; path = encryption.swift; sourceTree = "<group>"; };
		BAF9B7102A6640800051312D /* QRReaderView.swift */ = {isa = PBXFileReference; lastKnownFileType = sourcecode.swift; path = QRReaderView.swift; sourceTree = "<group>"; };
		BAF9B7122A6640D50051312D /* QRScannerView.swift */ = {isa = PBXFileReference; fileEncoding = 4; lastKnownFileType = sourcecode.swift; path = QRScannerView.swift; sourceTree = "<group>"; };
		BAF9B7142A6640F10051312D /* ScannerController.swift */ = {isa = PBXFileReference; fileEncoding = 4; lastKnownFileType = sourcecode.swift; path = ScannerController.swift; sourceTree = "<group>"; };
		BAF9B7162A6642160051312D /* QRGeneratorView.swift */ = {isa = PBXFileReference; lastKnownFileType = sourcecode.swift; path = QRGeneratorView.swift; sourceTree = "<group>"; };
/* End PBXFileReference section */

/* Begin PBXFrameworksBuildPhase section */
		65EC8C922A657E7E00834760 /* Frameworks */ = {
			isa = PBXFrameworksBuildPhase;
			buildActionMask = 2147483647;
			files = (
				65EF82132A6796EE000B9852 /* FirebaseDatabaseSwift in Frameworks */,
				65EF82192A6796EE000B9852 /* FirebaseFirestoreCombine-Community in Frameworks */,
				65EF820F2A6796EE000B9852 /* FirebaseCrashlytics in Frameworks */,
				65EF82212A6796EE000B9852 /* FirebaseInstallations in Frameworks */,
				65EF820B2A6796EE000B9852 /* FirebaseAuth in Frameworks */,
				65EF82112A6796EE000B9852 /* FirebaseDatabase in Frameworks */,
				65EF820D2A6796EE000B9852 /* FirebaseAuthCombine-Community in Frameworks */,
				65EF82152A6796EE000B9852 /* FirebaseDynamicLinks in Frameworks */,
				65EF82252A6796EE000B9852 /* FirebaseStorageCombine-Community in Frameworks */,
				65EF82232A6796EE000B9852 /* FirebaseStorage in Frameworks */,
				65EF821D2A6796EE000B9852 /* FirebaseFunctions in Frameworks */,
				65EF82172A6796EE000B9852 /* FirebaseFirestore in Frameworks */,
				65EF821F2A6796EE000B9852 /* FirebaseFunctionsCombine-Community in Frameworks */,
				65EF821B2A6796EE000B9852 /* FirebaseFirestoreSwift in Frameworks */,
			);
			runOnlyForDeploymentPostprocessing = 0;
		};
		65EC8CA22A657E8000834760 /* Frameworks */ = {
			isa = PBXFrameworksBuildPhase;
			buildActionMask = 2147483647;
			files = (
			);
			runOnlyForDeploymentPostprocessing = 0;
		};
		65EC8CAC2A657E8000834760 /* Frameworks */ = {
			isa = PBXFrameworksBuildPhase;
			buildActionMask = 2147483647;
			files = (
			);
			runOnlyForDeploymentPostprocessing = 0;
		};
/* End PBXFrameworksBuildPhase section */

/* Begin PBXGroup section */
		656843B02A65813000DDF873 /* Views */ = {
			isa = PBXGroup;
			children = (
				656843B32A65814E00DDF873 /* Pages */,
				656843B22A65814800DDF873 /* Components */,
			);
			path = Views;
			sourceTree = "<group>";
		};
		656843B12A65813500DDF873 /* Core */ = {
			isa = PBXGroup;
			children = (
				656843B52A65817100DDF873 /* Data */,
				656843B42A65816C00DDF873 /* Themes */,
			);
			path = Core;
			sourceTree = "<group>";
		};
		656843B22A65814800DDF873 /* Components */ = {
			isa = PBXGroup;
			children = (
				658941AC2A6D627500172C38 /* CustomTabBar.swift */,
			);
			path = Components;
			sourceTree = "<group>";
		};
		656843B32A65814E00DDF873 /* Pages */ = {
			isa = PBXGroup;
			children = (
				658941B02A6D638F00172C38 /* ScanQRView.swift */,
				658941B22A6D639800172C38 /* DetailView.swift */,
				652803312A665398009A620E /* ContentView.swift */,
				658941AE2A6D638000172C38 /* HomePage.swift */,
				658941B42A6D63A500172C38 /* LocationView.swift */,
				658941B82A6D63BE00172C38 /* Transaction.swift */,
				656461262A6D68FD009DC241 /* LockerDetailView.swift */,
				6564612A2A6D7389009DC241 /* ExtendRentView.swift */,
				6564612C2A6D84D0009DC241 /* QRSuccessState.swift */,
				658941AB2A6D61E700172C38 /* QR Views */,
			);
			path = Pages;
			sourceTree = "<group>";
		};
		656843B42A65816C00DDF873 /* Themes */ = {
			isa = PBXGroup;
			children = (
				656461282A6D6F69009DC241 /* ViewExtension.swift */,
			);
			path = Themes;
			sourceTree = "<group>";
		};
		656843B52A65817100DDF873 /* Data */ = {
			isa = PBXGroup;
			children = (
				BAF9B70F2A66401F0051312D /* encryption */,
				656843BB2A65828000DDF873 /* Model */,
				656843B72A6581DE00DDF873 /* ViewModel */,
			);
			path = Data;
			sourceTree = "<group>";
		};
		656843B72A6581DE00DDF873 /* ViewModel */ = {
			isa = PBXGroup;
			children = (
				656843C02A6589EF00DDF873 /* RentViewModel.swift */,
				BAF9B7142A6640F10051312D /* ScannerController.swift */,
				656843C22A6589F700DDF873 /* DataController.swift */,
			);
			path = ViewModel;
			sourceTree = "<group>";
		};
		656843BB2A65828000DDF873 /* Model */ = {
			isa = PBXGroup;
			children = (
				656843B82A65822E00DDF873 /* OKLock.xcdatamodeld */,
				656843BC2A65841500DDF873 /* RentEntity+CoreDataClass.swift */,
				656843BD2A65841500DDF873 /* RentEntity+CoreDataProperties.swift */,
				65EF82282A688B5D000B9852 /* Rent.swift */,
			);
			path = Model;
			sourceTree = "<group>";
		};
		658941AB2A6D61E700172C38 /* QR Views */ = {
			isa = PBXGroup;
			children = (
				65EF82262A688AAA000B9852 /* FirebaseTest.swift */,
				BAF9B7122A6640D50051312D /* QRScannerView.swift */,
				BAF9B7102A6640800051312D /* QRReaderView.swift */,
				BAF9B7162A6642160051312D /* QRGeneratorView.swift */,
			);
			path = "QR Views";
			sourceTree = "<group>";
		};
		65EC8C8C2A657E7E00834760 = {
			isa = PBXGroup;
			children = (
				65EC8C972A657E7E00834760 /* OKLock */,
				65EC8CA82A657E8000834760 /* OKLockTests */,
				65EC8CB22A657E8000834760 /* OKLockUITests */,
				65EC8C962A657E7E00834760 /* Products */,
			);
			sourceTree = "<group>";
		};
		65EC8C962A657E7E00834760 /* Products */ = {
			isa = PBXGroup;
			children = (
				65EC8C952A657E7E00834760 /* OKLock.app */,
				65EC8CA52A657E8000834760 /* OKLockTests.xctest */,
				65EC8CAF2A657E8000834760 /* OKLockUITests.xctest */,
			);
			name = Products;
			sourceTree = "<group>";
		};
		65EC8C972A657E7E00834760 /* OKLock */ = {
			isa = PBXGroup;
			children = (
				65EC8C982A657E7E00834760 /* OKLockApp.swift */,
				656843B02A65813000DDF873 /* Views */,
				656843B12A65813500DDF873 /* Core */,
				65EF82072A6784E2000B9852 /* GoogleService-Info.plist */,
				65EC8C9C2A657E7F00834760 /* Assets.xcassets */,
				65EC8C9E2A657E7F00834760 /* Preview Content */,
			);
			path = OKLock;
			sourceTree = "<group>";
		};
		65EC8C9E2A657E7F00834760 /* Preview Content */ = {
			isa = PBXGroup;
			children = (
				65EC8C9F2A657E7F00834760 /* Preview Assets.xcassets */,
			);
			path = "Preview Content";
			sourceTree = "<group>";
		};
		65EC8CA82A657E8000834760 /* OKLockTests */ = {
			isa = PBXGroup;
			children = (
				65EC8CA92A657E8000834760 /* OKLockTests.swift */,
			);
			path = OKLockTests;
			sourceTree = "<group>";
		};
		65EC8CB22A657E8000834760 /* OKLockUITests */ = {
			isa = PBXGroup;
			children = (
				65EC8CB32A657E8000834760 /* OKLockUITests.swift */,
				65EC8CB52A657E8000834760 /* OKLockUITestsLaunchTests.swift */,
			);
			path = OKLockUITests;
			sourceTree = "<group>";
		};
		BAF9B70F2A66401F0051312D /* encryption */ = {
			isa = PBXGroup;
			children = (
				BAF9B7072A663F870051312D /* encryption.swift */,
			);
			path = encryption;
			sourceTree = "<group>";
		};
/* End PBXGroup section */

/* Begin PBXNativeTarget section */
		65EC8C942A657E7E00834760 /* OKLock */ = {
			isa = PBXNativeTarget;
			buildConfigurationList = 65EC8CB92A657E8000834760 /* Build configuration list for PBXNativeTarget "OKLock" */;
			buildPhases = (
				65EC8C912A657E7E00834760 /* Sources */,
				65EC8C922A657E7E00834760 /* Frameworks */,
				65EC8C932A657E7E00834760 /* Resources */,
			);
			buildRules = (
			);
			dependencies = (
			);
			name = OKLock;
			packageProductDependencies = (
				65EF820A2A6796EE000B9852 /* FirebaseAuth */,
				65EF820C2A6796EE000B9852 /* FirebaseAuthCombine-Community */,
				65EF820E2A6796EE000B9852 /* FirebaseCrashlytics */,
				65EF82102A6796EE000B9852 /* FirebaseDatabase */,
				65EF82122A6796EE000B9852 /* FirebaseDatabaseSwift */,
				65EF82142A6796EE000B9852 /* FirebaseDynamicLinks */,
				65EF82162A6796EE000B9852 /* FirebaseFirestore */,
				65EF82182A6796EE000B9852 /* FirebaseFirestoreCombine-Community */,
				65EF821A2A6796EE000B9852 /* FirebaseFirestoreSwift */,
				65EF821C2A6796EE000B9852 /* FirebaseFunctions */,
				65EF821E2A6796EE000B9852 /* FirebaseFunctionsCombine-Community */,
				65EF82202A6796EE000B9852 /* FirebaseInstallations */,
				65EF82222A6796EE000B9852 /* FirebaseStorage */,
				65EF82242A6796EE000B9852 /* FirebaseStorageCombine-Community */,
			);
			productName = OKLock;
			productReference = 65EC8C952A657E7E00834760 /* OKLock.app */;
			productType = "com.apple.product-type.application";
		};
		65EC8CA42A657E8000834760 /* OKLockTests */ = {
			isa = PBXNativeTarget;
			buildConfigurationList = 65EC8CBC2A657E8000834760 /* Build configuration list for PBXNativeTarget "OKLockTests" */;
			buildPhases = (
				65EC8CA12A657E8000834760 /* Sources */,
				65EC8CA22A657E8000834760 /* Frameworks */,
				65EC8CA32A657E8000834760 /* Resources */,
			);
			buildRules = (
			);
			dependencies = (
				65EC8CA72A657E8000834760 /* PBXTargetDependency */,
			);
			name = OKLockTests;
			productName = OKLockTests;
			productReference = 65EC8CA52A657E8000834760 /* OKLockTests.xctest */;
			productType = "com.apple.product-type.bundle.unit-test";
		};
		65EC8CAE2A657E8000834760 /* OKLockUITests */ = {
			isa = PBXNativeTarget;
			buildConfigurationList = 65EC8CBF2A657E8000834760 /* Build configuration list for PBXNativeTarget "OKLockUITests" */;
			buildPhases = (
				65EC8CAB2A657E8000834760 /* Sources */,
				65EC8CAC2A657E8000834760 /* Frameworks */,
				65EC8CAD2A657E8000834760 /* Resources */,
			);
			buildRules = (
			);
			dependencies = (
				65EC8CB12A657E8000834760 /* PBXTargetDependency */,
			);
			name = OKLockUITests;
			productName = OKLockUITests;
			productReference = 65EC8CAF2A657E8000834760 /* OKLockUITests.xctest */;
			productType = "com.apple.product-type.bundle.ui-testing";
		};
/* End PBXNativeTarget section */

/* Begin PBXProject section */
		65EC8C8D2A657E7E00834760 /* Project object */ = {
			isa = PBXProject;
			attributes = {
				BuildIndependentTargetsInParallel = 1;
				LastSwiftUpdateCheck = 1430;
				LastUpgradeCheck = 1430;
				TargetAttributes = {
					65EC8C942A657E7E00834760 = {
						CreatedOnToolsVersion = 14.3.1;
					};
					65EC8CA42A657E8000834760 = {
						CreatedOnToolsVersion = 14.3.1;
						TestTargetID = 65EC8C942A657E7E00834760;
					};
					65EC8CAE2A657E8000834760 = {
						CreatedOnToolsVersion = 14.3.1;
						TestTargetID = 65EC8C942A657E7E00834760;
					};
				};
			};
			buildConfigurationList = 65EC8C902A657E7E00834760 /* Build configuration list for PBXProject "OKLock" */;
			compatibilityVersion = "Xcode 14.0";
			developmentRegion = en;
			hasScannedForEncodings = 0;
			knownRegions = (
				en,
				Base,
			);
			mainGroup = 65EC8C8C2A657E7E00834760;
			packageReferences = (
				65EF82092A6796EE000B9852 /* XCRemoteSwiftPackageReference "firebase-ios-sdk" */,
			);
			productRefGroup = 65EC8C962A657E7E00834760 /* Products */;
			projectDirPath = "";
			projectRoot = "";
			targets = (
				65EC8C942A657E7E00834760 /* OKLock */,
				65EC8CA42A657E8000834760 /* OKLockTests */,
				65EC8CAE2A657E8000834760 /* OKLockUITests */,
			);
		};
/* End PBXProject section */

/* Begin PBXResourcesBuildPhase section */
		65EC8C932A657E7E00834760 /* Resources */ = {
			isa = PBXResourcesBuildPhase;
			buildActionMask = 2147483647;
			files = (
				65EC8CA02A657E7F00834760 /* Preview Assets.xcassets in Resources */,
				65EC8C9D2A657E7F00834760 /* Assets.xcassets in Resources */,
				65EF82082A6784E2000B9852 /* GoogleService-Info.plist in Resources */,
			);
			runOnlyForDeploymentPostprocessing = 0;
		};
		65EC8CA32A657E8000834760 /* Resources */ = {
			isa = PBXResourcesBuildPhase;
			buildActionMask = 2147483647;
			files = (
			);
			runOnlyForDeploymentPostprocessing = 0;
		};
		65EC8CAD2A657E8000834760 /* Resources */ = {
			isa = PBXResourcesBuildPhase;
			buildActionMask = 2147483647;
			files = (
			);
			runOnlyForDeploymentPostprocessing = 0;
		};
/* End PBXResourcesBuildPhase section */

/* Begin PBXSourcesBuildPhase section */
		65EC8C912A657E7E00834760 /* Sources */ = {
			isa = PBXSourcesBuildPhase;
			buildActionMask = 2147483647;
			files = (
				6564612D2A6D84D0009DC241 /* QRSuccessState.swift in Sources */,
				656843C32A6589F700DDF873 /* DataController.swift in Sources */,
				658941AF2A6D638000172C38 /* HomePage.swift in Sources */,
				656843BA2A65822E00DDF873 /* OKLock.xcdatamodeld in Sources */,
				65EF82272A688AAA000B9852 /* FirebaseTest.swift in Sources */,
				656843BF2A65841500DDF873 /* RentEntity+CoreDataProperties.swift in Sources */,
				656843C12A6589EF00DDF873 /* RentViewModel.swift in Sources */,
				658941B12A6D638F00172C38 /* ScanQRView.swift in Sources */,
				65EC8C992A657E7E00834760 /* OKLockApp.swift in Sources */,
				658941B32A6D639800172C38 /* DetailView.swift in Sources */,
				656843BE2A65841500DDF873 /* RentEntity+CoreDataClass.swift in Sources */,
				BAF9B7112A6640800051312D /* QRReaderView.swift in Sources */,
				656461272A6D68FD009DC241 /* LockerDetailView.swift in Sources */,
				BAF9B7082A663F870051312D /* encryption.swift in Sources */,
				652803322A665398009A620E /* ContentView.swift in Sources */,
				658941B52A6D63A500172C38 /* LocationView.swift in Sources */,
				65EF82292A688B5D000B9852 /* Rent.swift in Sources */,
				65EC8C992A657E7E00834760 /* OKLockApp.swift in Sources */,
				BAF9B7112A6640800051312D /* QRReaderView.swift in Sources */,
				658941B92A6D63BE00172C38 /* Transaction.swift in Sources */,
				656461292A6D6F69009DC241 /* ViewExtension.swift in Sources */,
				BAF9B7082A663F870051312D /* encryption.swift in Sources */,
				658941AD2A6D627500172C38 /* CustomTabBar.swift in Sources */,
				65EC8C992A657E7E00834760 /* OKLockApp.swift in Sources */,
				BAF9B7112A6640800051312D /* QRReaderView.swift in Sources */,
				BAF9B7082A663F870051312D /* encryption.swift in Sources */,
				65EC8C992A657E7E00834760 /* OKLockApp.swift in Sources */,
				BAF9B7172A6642160051312D /* QRGeneratorView.swift in Sources */,
				BAF9B7132A6640D50051312D /* QRScannerView.swift in Sources */,
				BAF9B7152A6640F10051312D /* ScannerController.swift in Sources */,
				6564612B2A6D7389009DC241 /* ExtendRentView.swift in Sources */,
			);
			runOnlyForDeploymentPostprocessing = 0;
		};
		65EC8CA12A657E8000834760 /* Sources */ = {
			isa = PBXSourcesBuildPhase;
			buildActionMask = 2147483647;
			files = (
				65EC8CAA2A657E8000834760 /* OKLockTests.swift in Sources */,
			);
			runOnlyForDeploymentPostprocessing = 0;
		};
		65EC8CAB2A657E8000834760 /* Sources */ = {
			isa = PBXSourcesBuildPhase;
			buildActionMask = 2147483647;
			files = (
				65EC8CB42A657E8000834760 /* OKLockUITests.swift in Sources */,
				65EC8CB62A657E8000834760 /* OKLockUITestsLaunchTests.swift in Sources */,
			);
			runOnlyForDeploymentPostprocessing = 0;
		};
/* End PBXSourcesBuildPhase section */

/* Begin PBXTargetDependency section */
		65EC8CA72A657E8000834760 /* PBXTargetDependency */ = {
			isa = PBXTargetDependency;
			target = 65EC8C942A657E7E00834760 /* OKLock */;
			targetProxy = 65EC8CA62A657E8000834760 /* PBXContainerItemProxy */;
		};
		65EC8CB12A657E8000834760 /* PBXTargetDependency */ = {
			isa = PBXTargetDependency;
			target = 65EC8C942A657E7E00834760 /* OKLock */;
			targetProxy = 65EC8CB02A657E8000834760 /* PBXContainerItemProxy */;
		};
/* End PBXTargetDependency section */

/* Begin XCBuildConfiguration section */
		65EC8CB72A657E8000834760 /* Debug */ = {
			isa = XCBuildConfiguration;
			buildSettings = {
				ALWAYS_SEARCH_USER_PATHS = NO;
				CLANG_ANALYZER_NONNULL = YES;
				CLANG_ANALYZER_NUMBER_OBJECT_CONVERSION = YES_AGGRESSIVE;
				CLANG_CXX_LANGUAGE_STANDARD = "gnu++20";
				CLANG_ENABLE_MODULES = YES;
				CLANG_ENABLE_OBJC_ARC = YES;
				CLANG_ENABLE_OBJC_WEAK = YES;
				CLANG_WARN_BLOCK_CAPTURE_AUTORELEASING = YES;
				CLANG_WARN_BOOL_CONVERSION = YES;
				CLANG_WARN_COMMA = YES;
				CLANG_WARN_CONSTANT_CONVERSION = YES;
				CLANG_WARN_DEPRECATED_OBJC_IMPLEMENTATIONS = YES;
				CLANG_WARN_DIRECT_OBJC_ISA_USAGE = YES_ERROR;
				CLANG_WARN_DOCUMENTATION_COMMENTS = YES;
				CLANG_WARN_EMPTY_BODY = YES;
				CLANG_WARN_ENUM_CONVERSION = YES;
				CLANG_WARN_INFINITE_RECURSION = YES;
				CLANG_WARN_INT_CONVERSION = YES;
				CLANG_WARN_NON_LITERAL_NULL_CONVERSION = YES;
				CLANG_WARN_OBJC_IMPLICIT_RETAIN_SELF = YES;
				CLANG_WARN_OBJC_LITERAL_CONVERSION = YES;
				CLANG_WARN_OBJC_ROOT_CLASS = YES_ERROR;
				CLANG_WARN_QUOTED_INCLUDE_IN_FRAMEWORK_HEADER = YES;
				CLANG_WARN_RANGE_LOOP_ANALYSIS = YES;
				CLANG_WARN_STRICT_PROTOTYPES = YES;
				CLANG_WARN_SUSPICIOUS_MOVE = YES;
				CLANG_WARN_UNGUARDED_AVAILABILITY = YES_AGGRESSIVE;
				CLANG_WARN_UNREACHABLE_CODE = YES;
				CLANG_WARN__DUPLICATE_METHOD_MATCH = YES;
				COPY_PHASE_STRIP = NO;
				DEBUG_INFORMATION_FORMAT = dwarf;
				ENABLE_STRICT_OBJC_MSGSEND = YES;
				ENABLE_TESTABILITY = YES;
				GCC_C_LANGUAGE_STANDARD = gnu11;
				GCC_DYNAMIC_NO_PIC = NO;
				GCC_NO_COMMON_BLOCKS = YES;
				GCC_OPTIMIZATION_LEVEL = 0;
				GCC_PREPROCESSOR_DEFINITIONS = (
					"DEBUG=1",
					"$(inherited)",
				);
				GCC_WARN_64_TO_32_BIT_CONVERSION = YES;
				GCC_WARN_ABOUT_RETURN_TYPE = YES_ERROR;
				GCC_WARN_UNDECLARED_SELECTOR = YES;
				GCC_WARN_UNINITIALIZED_AUTOS = YES_AGGRESSIVE;
				GCC_WARN_UNUSED_FUNCTION = YES;
				GCC_WARN_UNUSED_VARIABLE = YES;
				IPHONEOS_DEPLOYMENT_TARGET = 16.4;
				MTL_ENABLE_DEBUG_INFO = INCLUDE_SOURCE;
				MTL_FAST_MATH = YES;
				ONLY_ACTIVE_ARCH = YES;
				SDKROOT = iphoneos;
				SWIFT_ACTIVE_COMPILATION_CONDITIONS = DEBUG;
				SWIFT_OPTIMIZATION_LEVEL = "-Onone";
			};
			name = Debug;
		};
		65EC8CB82A657E8000834760 /* Release */ = {
			isa = XCBuildConfiguration;
			buildSettings = {
				ALWAYS_SEARCH_USER_PATHS = NO;
				CLANG_ANALYZER_NONNULL = YES;
				CLANG_ANALYZER_NUMBER_OBJECT_CONVERSION = YES_AGGRESSIVE;
				CLANG_CXX_LANGUAGE_STANDARD = "gnu++20";
				CLANG_ENABLE_MODULES = YES;
				CLANG_ENABLE_OBJC_ARC = YES;
				CLANG_ENABLE_OBJC_WEAK = YES;
				CLANG_WARN_BLOCK_CAPTURE_AUTORELEASING = YES;
				CLANG_WARN_BOOL_CONVERSION = YES;
				CLANG_WARN_COMMA = YES;
				CLANG_WARN_CONSTANT_CONVERSION = YES;
				CLANG_WARN_DEPRECATED_OBJC_IMPLEMENTATIONS = YES;
				CLANG_WARN_DIRECT_OBJC_ISA_USAGE = YES_ERROR;
				CLANG_WARN_DOCUMENTATION_COMMENTS = YES;
				CLANG_WARN_EMPTY_BODY = YES;
				CLANG_WARN_ENUM_CONVERSION = YES;
				CLANG_WARN_INFINITE_RECURSION = YES;
				CLANG_WARN_INT_CONVERSION = YES;
				CLANG_WARN_NON_LITERAL_NULL_CONVERSION = YES;
				CLANG_WARN_OBJC_IMPLICIT_RETAIN_SELF = YES;
				CLANG_WARN_OBJC_LITERAL_CONVERSION = YES;
				CLANG_WARN_OBJC_ROOT_CLASS = YES_ERROR;
				CLANG_WARN_QUOTED_INCLUDE_IN_FRAMEWORK_HEADER = YES;
				CLANG_WARN_RANGE_LOOP_ANALYSIS = YES;
				CLANG_WARN_STRICT_PROTOTYPES = YES;
				CLANG_WARN_SUSPICIOUS_MOVE = YES;
				CLANG_WARN_UNGUARDED_AVAILABILITY = YES_AGGRESSIVE;
				CLANG_WARN_UNREACHABLE_CODE = YES;
				CLANG_WARN__DUPLICATE_METHOD_MATCH = YES;
				COPY_PHASE_STRIP = NO;
				DEBUG_INFORMATION_FORMAT = "dwarf-with-dsym";
				ENABLE_NS_ASSERTIONS = NO;
				ENABLE_STRICT_OBJC_MSGSEND = YES;
				GCC_C_LANGUAGE_STANDARD = gnu11;
				GCC_NO_COMMON_BLOCKS = YES;
				GCC_WARN_64_TO_32_BIT_CONVERSION = YES;
				GCC_WARN_ABOUT_RETURN_TYPE = YES_ERROR;
				GCC_WARN_UNDECLARED_SELECTOR = YES;
				GCC_WARN_UNINITIALIZED_AUTOS = YES_AGGRESSIVE;
				GCC_WARN_UNUSED_FUNCTION = YES;
				GCC_WARN_UNUSED_VARIABLE = YES;
				IPHONEOS_DEPLOYMENT_TARGET = 16.4;
				MTL_ENABLE_DEBUG_INFO = NO;
				MTL_FAST_MATH = YES;
				SDKROOT = iphoneos;
				SWIFT_COMPILATION_MODE = wholemodule;
				SWIFT_OPTIMIZATION_LEVEL = "-O";
				VALIDATE_PRODUCT = YES;
			};
			name = Release;
		};
		65EC8CBA2A657E8000834760 /* Debug */ = {
			isa = XCBuildConfiguration;
			buildSettings = {
				ASSETCATALOG_COMPILER_APPICON_NAME = AppIcon;
				ASSETCATALOG_COMPILER_GLOBAL_ACCENT_COLOR_NAME = AccentColor;
				CODE_SIGN_STYLE = Automatic;
				CURRENT_PROJECT_VERSION = 1;
				DEVELOPMENT_ASSET_PATHS = "\"OKLock/Preview Content\"";
				DEVELOPMENT_TEAM = 9MCN5686MN;
				ENABLE_PREVIEWS = YES;
				GENERATE_INFOPLIST_FILE = YES;
				INFOPLIST_KEY_NSCameraUsageDescription = "";
				INFOPLIST_KEY_UIApplicationSceneManifest_Generation = YES;
				INFOPLIST_KEY_UIApplicationSupportsIndirectInputEvents = YES;
				INFOPLIST_KEY_UILaunchScreen_Generation = YES;
				INFOPLIST_KEY_UISupportedInterfaceOrientations_iPad = "UIInterfaceOrientationPortrait UIInterfaceOrientationPortraitUpsideDown UIInterfaceOrientationLandscapeLeft UIInterfaceOrientationLandscapeRight";
				INFOPLIST_KEY_UISupportedInterfaceOrientations_iPhone = "UIInterfaceOrientationPortrait UIInterfaceOrientationLandscapeLeft UIInterfaceOrientationLandscapeRight";
				IPHONEOS_DEPLOYMENT_TARGET = 16.2;
				LD_RUNPATH_SEARCH_PATHS = (
					"$(inherited)",
					"@executable_path/Frameworks",
				);
				MARKETING_VERSION = 1.0;
				PRODUCT_BUNDLE_IDENTIFIER = com.yugasamuel.OKLock;
				PRODUCT_NAME = "$(TARGET_NAME)";
				SWIFT_EMIT_LOC_STRINGS = YES;
				SWIFT_VERSION = 5.0;
				TARGETED_DEVICE_FAMILY = "1,2";
			};
			name = Debug;
		};
		65EC8CBB2A657E8000834760 /* Release */ = {
			isa = XCBuildConfiguration;
			buildSettings = {
				ASSETCATALOG_COMPILER_APPICON_NAME = AppIcon;
				ASSETCATALOG_COMPILER_GLOBAL_ACCENT_COLOR_NAME = AccentColor;
				CODE_SIGN_STYLE = Automatic;
				CURRENT_PROJECT_VERSION = 1;
				DEVELOPMENT_ASSET_PATHS = "\"OKLock/Preview Content\"";
				DEVELOPMENT_TEAM = 9MCN5686MN;
				ENABLE_PREVIEWS = YES;
				GENERATE_INFOPLIST_FILE = YES;
				INFOPLIST_KEY_NSCameraUsageDescription = "";
				INFOPLIST_KEY_UIApplicationSceneManifest_Generation = YES;
				INFOPLIST_KEY_UIApplicationSupportsIndirectInputEvents = YES;
				INFOPLIST_KEY_UILaunchScreen_Generation = YES;
				INFOPLIST_KEY_UISupportedInterfaceOrientations_iPad = "UIInterfaceOrientationPortrait UIInterfaceOrientationPortraitUpsideDown UIInterfaceOrientationLandscapeLeft UIInterfaceOrientationLandscapeRight";
				INFOPLIST_KEY_UISupportedInterfaceOrientations_iPhone = "UIInterfaceOrientationPortrait UIInterfaceOrientationLandscapeLeft UIInterfaceOrientationLandscapeRight";
				IPHONEOS_DEPLOYMENT_TARGET = 16.2;
				LD_RUNPATH_SEARCH_PATHS = (
					"$(inherited)",
					"@executable_path/Frameworks",
				);
				MARKETING_VERSION = 1.0;
				PRODUCT_BUNDLE_IDENTIFIER = com.yugasamuel.OKLock;
				PRODUCT_NAME = "$(TARGET_NAME)";
				SWIFT_EMIT_LOC_STRINGS = YES;
				SWIFT_VERSION = 5.0;
				TARGETED_DEVICE_FAMILY = "1,2";
			};
			name = Release;
		};
		65EC8CBD2A657E8000834760 /* Debug */ = {
			isa = XCBuildConfiguration;
			buildSettings = {
				ALWAYS_EMBED_SWIFT_STANDARD_LIBRARIES = YES;
				BUNDLE_LOADER = "$(TEST_HOST)";
				CODE_SIGN_STYLE = Automatic;
				CURRENT_PROJECT_VERSION = 1;
				DEVELOPMENT_TEAM = 9MCN5686MN;
				GENERATE_INFOPLIST_FILE = YES;
				IPHONEOS_DEPLOYMENT_TARGET = 16.4;
				MARKETING_VERSION = 1.0;
				PRODUCT_BUNDLE_IDENTIFIER = com.yugasamuel.OKLockTests;
				PRODUCT_NAME = "$(TARGET_NAME)";
				SWIFT_EMIT_LOC_STRINGS = NO;
				SWIFT_VERSION = 5.0;
				TARGETED_DEVICE_FAMILY = "1,2";
				TEST_HOST = "$(BUILT_PRODUCTS_DIR)/OKLock.app/$(BUNDLE_EXECUTABLE_FOLDER_PATH)/OKLock";
			};
			name = Debug;
		};
		65EC8CBE2A657E8000834760 /* Release */ = {
			isa = XCBuildConfiguration;
			buildSettings = {
				ALWAYS_EMBED_SWIFT_STANDARD_LIBRARIES = YES;
				BUNDLE_LOADER = "$(TEST_HOST)";
				CODE_SIGN_STYLE = Automatic;
				CURRENT_PROJECT_VERSION = 1;
				DEVELOPMENT_TEAM = 9MCN5686MN;
				GENERATE_INFOPLIST_FILE = YES;
				IPHONEOS_DEPLOYMENT_TARGET = 16.4;
				MARKETING_VERSION = 1.0;
				PRODUCT_BUNDLE_IDENTIFIER = com.yugasamuel.OKLockTests;
				PRODUCT_NAME = "$(TARGET_NAME)";
				SWIFT_EMIT_LOC_STRINGS = NO;
				SWIFT_VERSION = 5.0;
				TARGETED_DEVICE_FAMILY = "1,2";
				TEST_HOST = "$(BUILT_PRODUCTS_DIR)/OKLock.app/$(BUNDLE_EXECUTABLE_FOLDER_PATH)/OKLock";
			};
			name = Release;
		};
		65EC8CC02A657E8000834760 /* Debug */ = {
			isa = XCBuildConfiguration;
			buildSettings = {
				ALWAYS_EMBED_SWIFT_STANDARD_LIBRARIES = YES;
				CODE_SIGN_STYLE = Automatic;
				CURRENT_PROJECT_VERSION = 1;
				DEVELOPMENT_TEAM = 9MCN5686MN;
				GENERATE_INFOPLIST_FILE = YES;
				MARKETING_VERSION = 1.0;
				PRODUCT_BUNDLE_IDENTIFIER = com.yugasamuel.OKLockUITests;
				PRODUCT_NAME = "$(TARGET_NAME)";
				SWIFT_EMIT_LOC_STRINGS = NO;
				SWIFT_VERSION = 5.0;
				TARGETED_DEVICE_FAMILY = "1,2";
				TEST_TARGET_NAME = OKLock;
			};
			name = Debug;
		};
		65EC8CC12A657E8000834760 /* Release */ = {
			isa = XCBuildConfiguration;
			buildSettings = {
				ALWAYS_EMBED_SWIFT_STANDARD_LIBRARIES = YES;
				CODE_SIGN_STYLE = Automatic;
				CURRENT_PROJECT_VERSION = 1;
				DEVELOPMENT_TEAM = 9MCN5686MN;
				GENERATE_INFOPLIST_FILE = YES;
				MARKETING_VERSION = 1.0;
				PRODUCT_BUNDLE_IDENTIFIER = com.yugasamuel.OKLockUITests;
				PRODUCT_NAME = "$(TARGET_NAME)";
				SWIFT_EMIT_LOC_STRINGS = NO;
				SWIFT_VERSION = 5.0;
				TARGETED_DEVICE_FAMILY = "1,2";
				TEST_TARGET_NAME = OKLock;
			};
			name = Release;
		};
/* End XCBuildConfiguration section */

/* Begin XCConfigurationList section */
		65EC8C902A657E7E00834760 /* Build configuration list for PBXProject "OKLock" */ = {
			isa = XCConfigurationList;
			buildConfigurations = (
				65EC8CB72A657E8000834760 /* Debug */,
				65EC8CB82A657E8000834760 /* Release */,
			);
			defaultConfigurationIsVisible = 0;
			defaultConfigurationName = Release;
		};
		65EC8CB92A657E8000834760 /* Build configuration list for PBXNativeTarget "OKLock" */ = {
			isa = XCConfigurationList;
			buildConfigurations = (
				65EC8CBA2A657E8000834760 /* Debug */,
				65EC8CBB2A657E8000834760 /* Release */,
			);
			defaultConfigurationIsVisible = 0;
			defaultConfigurationName = Release;
		};
		65EC8CBC2A657E8000834760 /* Build configuration list for PBXNativeTarget "OKLockTests" */ = {
			isa = XCConfigurationList;
			buildConfigurations = (
				65EC8CBD2A657E8000834760 /* Debug */,
				65EC8CBE2A657E8000834760 /* Release */,
			);
			defaultConfigurationIsVisible = 0;
			defaultConfigurationName = Release;
		};
		65EC8CBF2A657E8000834760 /* Build configuration list for PBXNativeTarget "OKLockUITests" */ = {
			isa = XCConfigurationList;
			buildConfigurations = (
				65EC8CC02A657E8000834760 /* Debug */,
				65EC8CC12A657E8000834760 /* Release */,
			);
			defaultConfigurationIsVisible = 0;
			defaultConfigurationName = Release;
		};
/* End XCConfigurationList section */

/* Begin XCRemoteSwiftPackageReference section */
		65EF82092A6796EE000B9852 /* XCRemoteSwiftPackageReference "firebase-ios-sdk" */ = {
			isa = XCRemoteSwiftPackageReference;
			repositoryURL = "https://github.com/firebase/firebase-ios-sdk";
			requirement = {
				kind = upToNextMajorVersion;
				minimumVersion = 10.0.0;
			};
		};
/* End XCRemoteSwiftPackageReference section */

/* Begin XCSwiftPackageProductDependency section */
		65EF820A2A6796EE000B9852 /* FirebaseAuth */ = {
			isa = XCSwiftPackageProductDependency;
			package = 65EF82092A6796EE000B9852 /* XCRemoteSwiftPackageReference "firebase-ios-sdk" */;
			productName = FirebaseAuth;
		};
		65EF820C2A6796EE000B9852 /* FirebaseAuthCombine-Community */ = {
			isa = XCSwiftPackageProductDependency;
			package = 65EF82092A6796EE000B9852 /* XCRemoteSwiftPackageReference "firebase-ios-sdk" */;
			productName = "FirebaseAuthCombine-Community";
		};
		65EF820E2A6796EE000B9852 /* FirebaseCrashlytics */ = {
			isa = XCSwiftPackageProductDependency;
			package = 65EF82092A6796EE000B9852 /* XCRemoteSwiftPackageReference "firebase-ios-sdk" */;
			productName = FirebaseCrashlytics;
		};
		65EF82102A6796EE000B9852 /* FirebaseDatabase */ = {
			isa = XCSwiftPackageProductDependency;
			package = 65EF82092A6796EE000B9852 /* XCRemoteSwiftPackageReference "firebase-ios-sdk" */;
			productName = FirebaseDatabase;
		};
		65EF82122A6796EE000B9852 /* FirebaseDatabaseSwift */ = {
			isa = XCSwiftPackageProductDependency;
			package = 65EF82092A6796EE000B9852 /* XCRemoteSwiftPackageReference "firebase-ios-sdk" */;
			productName = FirebaseDatabaseSwift;
		};
		65EF82142A6796EE000B9852 /* FirebaseDynamicLinks */ = {
			isa = XCSwiftPackageProductDependency;
			package = 65EF82092A6796EE000B9852 /* XCRemoteSwiftPackageReference "firebase-ios-sdk" */;
			productName = FirebaseDynamicLinks;
		};
		65EF82162A6796EE000B9852 /* FirebaseFirestore */ = {
			isa = XCSwiftPackageProductDependency;
			package = 65EF82092A6796EE000B9852 /* XCRemoteSwiftPackageReference "firebase-ios-sdk" */;
			productName = FirebaseFirestore;
		};
		65EF82182A6796EE000B9852 /* FirebaseFirestoreCombine-Community */ = {
			isa = XCSwiftPackageProductDependency;
			package = 65EF82092A6796EE000B9852 /* XCRemoteSwiftPackageReference "firebase-ios-sdk" */;
			productName = "FirebaseFirestoreCombine-Community";
		};
		65EF821A2A6796EE000B9852 /* FirebaseFirestoreSwift */ = {
			isa = XCSwiftPackageProductDependency;
			package = 65EF82092A6796EE000B9852 /* XCRemoteSwiftPackageReference "firebase-ios-sdk" */;
			productName = FirebaseFirestoreSwift;
		};
		65EF821C2A6796EE000B9852 /* FirebaseFunctions */ = {
			isa = XCSwiftPackageProductDependency;
			package = 65EF82092A6796EE000B9852 /* XCRemoteSwiftPackageReference "firebase-ios-sdk" */;
			productName = FirebaseFunctions;
		};
		65EF821E2A6796EE000B9852 /* FirebaseFunctionsCombine-Community */ = {
			isa = XCSwiftPackageProductDependency;
			package = 65EF82092A6796EE000B9852 /* XCRemoteSwiftPackageReference "firebase-ios-sdk" */;
			productName = "FirebaseFunctionsCombine-Community";
		};
		65EF82202A6796EE000B9852 /* FirebaseInstallations */ = {
			isa = XCSwiftPackageProductDependency;
			package = 65EF82092A6796EE000B9852 /* XCRemoteSwiftPackageReference "firebase-ios-sdk" */;
			productName = FirebaseInstallations;
		};
		65EF82222A6796EE000B9852 /* FirebaseStorage */ = {
			isa = XCSwiftPackageProductDependency;
			package = 65EF82092A6796EE000B9852 /* XCRemoteSwiftPackageReference "firebase-ios-sdk" */;
			productName = FirebaseStorage;
		};
		65EF82242A6796EE000B9852 /* FirebaseStorageCombine-Community */ = {
			isa = XCSwiftPackageProductDependency;
			package = 65EF82092A6796EE000B9852 /* XCRemoteSwiftPackageReference "firebase-ios-sdk" */;
			productName = "FirebaseStorageCombine-Community";
		};
/* End XCSwiftPackageProductDependency section */

/* Begin XCVersionGroup section */
		656843B82A65822E00DDF873 /* OKLock.xcdatamodeld */ = {
			isa = XCVersionGroup;
			children = (
				656843B92A65822E00DDF873 /* OKLock.xcdatamodel */,
			);
			currentVersion = 656843B92A65822E00DDF873 /* OKLock.xcdatamodel */;
			path = OKLock.xcdatamodeld;
			sourceTree = "<group>";
			versionGroupType = wrapper.xcdatamodel;
		};
/* End XCVersionGroup section */
	};
	rootObject = 65EC8C8D2A657E7E00834760 /* Project object */;
}
